{
  "version": 4,
  "terraform_version": "1.14.8",
  "serial": 5,
  "lineage": "818c4012-acd4-a4ac-21e3-135469493019",
  "outputs": {
    "ssh_command": {
      "value": [
        "ssh ansible@192.168.3.201"
      ],
      "type": [
        "tuple",
        [
          "string"
        ]
      ]
    },
    "vm_details": {
      "value": {
        "srv-test-01": "192.168.3.201"
      },
      "type": [
        "object",
        {
          "srv-test-01": "string"
        }
      ]
    },
    "vm_ips": {
      "value": [
        "192.168.3.201"
      ],
      "type": [
        "tuple",
        [
          "string"
        ]
      ]
    },
    "vm_names": {
      "value": [
        "srv-test-01"
      ],
      "type": [
        "tuple",
        [
          "string"
        ]
      ]
    }
  },
  "resources": [
    {
      "mode": "managed",
      "type": "local_file",
      "name": "ansible_inventory",
      "provider": "provider[\"registry.terraform.io/hashicorp/local\"]",
      "instances": [
        {
          "schema_version": 0,
          "attributes": {
            "content": "---\r\n# Auto-generated Ansible inventory from Terraform\r\n# Do not edit manually - managed by terraform/main.tf\r\nall:\r\n  hosts:\r\n    srv-test-01:\r\n      ansible_host: 192.168.3.201\r\n  vars:\r\n    ansible_user: ansible\r\n    ansible_ssh_common_args: '-o StrictHostKeyChecking=no'\r\n",
            "content_base64": null,
            "content_base64sha256": "8znHLnw8zDPqLPZLoU0WI6p7JUH5j6NKc4NLjaag6Zs=",
            "content_base64sha512": "cUExrjlENiCFmzHmW8HTpT703eRvUYSENMA0pz6kJRelI0Zbr83t/8RwJPIK5InBSB6sYbGxXGOmJPlm0FGRvg==",
            "content_md5": "2bcce8ae74807946c12351d5078e0e5f",
            "content_sha1": "21d2c72522aff7c8959cff8091aaa1a743c39351",
            "content_sha256": "f339c72e7c3ccc33ea2cf64ba14d1623aa7b2541f98fa34a73834b8da6a0e99b",
            "content_sha512": "714131ae39443620859b31e65bc1d3a53ef4dde46f51848434c034a73ea42517a523465bafcdedffc47024f20ae489c1481eac61b1b15c63a624f966d05191be",
            "directory_permission": "0777",
            "file_permission": "0777",
            "filename": "./../ansible/inventory.yml",
            "id": "21d2c72522aff7c8959cff8091aaa1a743c39351",
            "sensitive_content": null,
            "source": null
          },
          "sensitive_attributes": [
            [
              {
                "type": "get_attr",
                "value": "sensitive_content"
              }
            ]
          ],
          "identity_schema_version": 0,
          "dependencies": [
            "proxmox_virtual_environment_vm.srv_test"
          ]
        }
      ]
    },
    {
      "mode": "managed",
      "type": "null_resource",
      "name": "ansible_provisioning",
      "provider": "provider[\"registry.terraform.io/hashicorp/null\"]",
      "instances": [
        {
          "status": "tainted",
          "schema_version": 0,
          "attributes": {
            "id": "962343974600940057",
            "triggers": {
              "vm_ids": "107"
            }
          },
          "sensitive_attributes": [],
          "identity_schema_version": 0,
          "dependencies": [
            "local_file.ansible_inventory",
            "proxmox_virtual_environment_vm.srv_test"
          ]
        }
      ]
    },
    {
      "mode": "managed",
      "type": "proxmox_virtual_environment_vm",
      "name": "srv_test",
      "provider": "provider[\"registry.terraform.io/bpg/proxmox\"]",
      "instances": [
        {
          "index_key": 0,
          "schema_version": 0,
          "attributes": {
            "acpi": true,
            "agent": [
              {
                "enabled": true,
                "timeout": "15m",
                "trim": false,
                "type": "virtio",
                "wait_for_ip": []
              }
            ],
            "amd_sev": [],
            "audio_device": [],
            "bios": "seabios",
            "boot_order": [
              "scsi0",
              "ide2",
              "net0"
            ],
            "cdrom": [],
            "clone": [
              {
                "datastore_id": "",
                "full": true,
                "node_name": "",
                "retries": 1,
                "vm_id": 104
              }
            ],
            "cpu": [
              {
                "affinity": "",
                "architecture": "",
                "cores": 2,
                "flags": null,
                "hotplugged": 0,
                "limit": 0,
                "numa": false,
                "sockets": 1,
                "type": "x86-64-v2-AES",
                "units": 0
              }
            ],
            "delete_unreferenced_disks_on_destroy": true,
            "description": null,
            "disk": [
              {
                "aio": "io_uring",
                "backup": true,
                "cache": "none",
                "datastore_id": "local-lvm",
                "discard": "on",
                "file_format": "raw",
                "file_id": "",
                "import_from": "",
                "interface": "scsi0",
                "iothread": false,
                "path_in_datastore": "vm-107-disk-1",
                "replicate": true,
                "serial": "",
                "size": 64,
                "speed": [],
                "ssd": true
              }
            ],
            "efi_disk": [],
            "hook_script_file_id": null,
            "hostpci": [],
            "hotplug": null,
            "id": "107",
            "initialization": [
              {
                "datastore_id": "local-lvm",
                "dns": [
                  {
                    "domain": "local.derix.icu",
                    "servers": [
                      "192.168.3.53",
                      "192.168.3.54"
                    ]
                  }
                ],
                "file_format": "",
                "interface": "ide0",
                "ip_config": [
                  {
                    "ipv4": [
                      {
                        "address": "192.168.3.201/24",
                        "gateway": "192.168.3.1"
                      }
                    ],
                    "ipv6": []
                  }
                ],
                "meta_data_file_id": "",
                "network_data_file_id": "",
                "type": "",
                "user_account": [
                  {
                    "keys": [
                      "ssh-ed25519 AAAAC3NzaC1lZDI1NTE5AAAAIAHZvLe6VVhNCgijA73+QbrgP2f3eghNdL7QGwCv9jWw John@iMac-van-Ward.local"
                    ],
                    "password": "**********",
                    "username": "ansible"
                  }
                ],
                "user_data_file_id": "",
                "vendor_data_file_id": ""
              }
            ],
            "ipv4_addresses": [
              [
                "127.0.0.1"
              ],
              [
                "192.168.3.144"
              ]
            ],
            "ipv6_addresses": [
              [
                "::1"
              ],
              [
                "fe80::be24:11ff:fe1c:2cda"
              ]
            ],
            "keyboard_layout": "en-us",
            "kvm_arguments": null,
            "mac_addresses": [
              "00:00:00:00:00:00",
              "BC:24:11:1C:2C:DA"
            ],
            "machine": null,
            "memory": [
              {
                "dedicated": 6144,
                "floating": 0,
                "hugepages": "",
                "keep_hugepages": false,
                "shared": 0
              }
            ],
            "migrate": false,
            "name": "srv-test-01",
            "network_device": [
              {
                "bridge": "vmbr0",
                "disconnected": false,
                "enabled": true,
                "firewall": false,
                "mac_address": "BC:24:11:1C:2C:DA",
                "model": "virtio",
                "mtu": 0,
                "queues": 0,
                "rate_limit": 0,
                "trunks": "",
                "vlan_id": 0
              }
            ],
            "network_interface_names": [
              "lo",
              "ens18"
            ],
            "node_name": "pve03",
            "numa": [],
            "on_boot": true,
            "operating_system": [],
            "pool_id": "",
            "protection": false,
            "purge_on_destroy": true,
            "reboot": false,
            "reboot_after_update": true,
            "rng": [],
            "scsi_hardware": "virtio-scsi-pci",
            "serial_device": [],
            "smbios": [],
            "started": true,
            "startup": [],
            "stop_on_destroy": false,
            "tablet_device": true,
            "tags": null,
            "template": false,
            "timeout_clone": 1800,
            "timeout_create": 1800,
            "timeout_migrate": 1800,
            "timeout_move_disk": 1800,
            "timeout_reboot": 1800,
            "timeout_shutdown_vm": 1800,
            "timeout_start_vm": 1800,
            "timeout_stop_vm": 300,
            "tpm_state": [],
            "usb": [],
            "vga": [
              {
                "clipboard": "",
                "memory": 16,
                "type": "virtio"
              }
            ],
            "virtiofs": [],
            "vm_id": 107,
            "watchdog": []
          },
          "sensitive_attributes": [
            [
              {
                "type": "get_attr",
                "value": "initialization"
              },
              {
                "type": "index",
                "value": {
                  "value": 0,
                  "type": "number"
                }
              },
              {
                "type": "get_attr",
                "value": "user_account"
              },
              {
                "type": "index",
                "value": {
                  "value": 0,
                  "type": "number"
                }
              },
              {
                "type": "get_attr",
                "value": "password"
              }
            ]
          ],
          "identity_schema_version": 0,
          "private": "bnVsbA=="
        }
      ]
    }
  ],
  "check_results": null
}
